
Microsoft Visual Studio Solution File, Format Version 12.00
# Visual Studio Version 17
VisualStudioVersion = 17.8.34601.278
MinimumVisualStudioVersion = 10.0.40219.1
Project("{FAE04EC0-301F-11D3-BF4B-00C04F79EFBC}") = "PrivateMultipleObjects", "PrivateMultipleObjects\PrivateMultipleObjects.csproj", "{A5CD56E1-5C6A-4466-8A03-828A071A1F52}"
EndProject
Global
	GlobalSection(SolutionConfigurationPlatforms) = preSolution
		Debug|Any CPU = Debug|Any CPU
		Release|Any CPU = Release|Any CPU
	EndGlobalSection
	GlobalSection(ProjectConfigurationPlatforms) = postSolution
		{A5CD56E1-5C6A-4466-8A03-828A071A1F52}.Debug|Any CPU.ActiveCfg = Debug|Any CPU
		{A5CD56E1-5C6A-4466-8A03-828A071A1F52}.Debug|Any CPU.Build.0 = Debug|Any CPU
		{A5CD56E1-5C6A-4466-8A03-828A071A1F52}.Release|Any CPU.ActiveCfg = Release|Any CPU
		{A5CD56E1-5C6A-4466-8A03-828A071A1F52}.Release|Any CPU.Build.0 = Release|Any CPU
	EndGlobalSection
	GlobalSection(SolutionProperties) = preSolution
		HideSolutionNode = FALSE
	EndGlobalSection
	GlobalSection(ExtensibilityGlobals) = postSolution
		SolutionGuid = {C2DC168B-B314-465B-AA56-223B880F83A5}
	EndGlobalSection
EndGlobal
